PODS:
  - flutter_storm (0.0.1):
    - FlutterMacOS
  - FlutterMacOS (1.0.0)
  - url_launcher_macos (0.0.1):
    - FlutterMacOS
  - window_size (0.0.2):
    - FlutterMacOS

DEPENDENCIES:
  - flutter_storm (from `Flutter/ephemeral/.symlinks/plugins/flutter_storm/macos`)
  - FlutterMacOS (from `Flutter/ephemeral`)
  - url_launcher_macos (from `Flutter/ephemeral/.symlinks/plugins/url_launcher_macos/macos`)
  - window_size (from `Flutter/ephemeral/.symlinks/plugins/window_size/macos`)

EXTERNAL SOURCES:
  flutter_storm:
    :path: Flutter/ephemeral/.symlinks/plugins/flutter_storm/macos
  FlutterMacOS:
    :path: Flutter/ephemeral
  url_launcher_macos:
    :path: Flutter/ephemeral/.symlinks/plugins/url_launcher_macos/macos
  window_size:
    :path: Flutter/ephemeral/.symlinks/plugins/window_size/macos

SPEC CHECKSUMS:
  flutter_storm: 267be02090211a40c55f422192454dbe5a81be97
  FlutterMacOS: ae6af50a8ea7d6103d888583d46bd8328a7e9811
  url_launcher_macos: 597e05b8e514239626bcf4a850fcf9ef5c856ec3
  window_size: 339dafa0b27a95a62a843042038fa6c3c48de195

PODFILE CHECKSUM: 6eac6b3292e5142cfc23bdeb71848a40ec51c14c

COCOAPODS: 1.11.3
